
Microsoft Visual Studio Solution File, Format Version 12.00
# Visual Studio 15
VisualStudioVersion = 15.0.28010.2041
MinimumVisualStudioVersion = 10.0.40219.1
Project("{9A19103F-16F7-4668-BE54-9A1E7A4F7556}") = "HiProgram", "HiProgram\HiProgram.csproj", "{A43859B2-F215-4B59-9051-F85B6CD66218}"
EndProject
Project("{9A19103F-16F7-4668-BE54-9A1E7A4F7556}") = "AgeAfter10Years", "AgeAfter10Years\AgeAfter10Years.csproj", "{0CA0A3C1-56B6-4CA8-B385-9FC41A28DC5F}"
EndProject
Project("{9A19103F-16F7-4668-BE54-9A1E7A4F7556}") = "MyUniqueNumber", "MyUniqueNumber\MyUniqueNumber.csproj", "{98E20886-CA55-4A6A-B145-4455C0C9E279}"
EndProject
Project("{FAE04EC0-301F-11D3-BF4B-00C04F79EFBC}") = "4thDigit", "4thDigit\4thDigit.csproj", "{48A5534C-28E3-4AC7-945F-91813FC60D3D}"
EndProject
Project("{FAE04EC0-301F-11D3-BF4B-00C04F79EFBC}") = "TravelingToSunWithSoundSpeed", "TravelingToSunWithSoundSpeed\TravelingToSunWithSoundSpeed.csproj", "{816CCD83-0ABC-4DB6-B105-89528A8933D1}"
EndProject
Project("{FAE04EC0-301F-11D3-BF4B-00C04F79EFBC}") = "CalculateWeightInTheSolarSystem", "CalculateWeightInTheSolarSystem\CalculateWeightInTheSolarSystem.csproj", "{B815932B-5CAF-43F1-B672-0D6F25983382}"
EndProject
Project("{2150E333-8FDC-42A3-9474-1A3956D46DE8}") = "Week2", "Week2", "{D6E0F71A-CFA9-4C0C-B24F-6D7476226BF9}"
EndProject
Project("{FAE04EC0-301F-11D3-BF4B-00C04F79EFBC}") = "DecartCoordinates", "DecartCoordinates\DecartCoordinates.csproj", "{16682ED2-9CD2-4671-B7D3-6CEE5DB335CE}"
EndProject
Global
	GlobalSection(SolutionConfigurationPlatforms) = preSolution
		Debug|Any CPU = Debug|Any CPU
		Release|Any CPU = Release|Any CPU
	EndGlobalSection
	GlobalSection(ProjectConfigurationPlatforms) = postSolution
		{A43859B2-F215-4B59-9051-F85B6CD66218}.Debug|Any CPU.ActiveCfg = Debug|Any CPU
		{A43859B2-F215-4B59-9051-F85B6CD66218}.Debug|Any CPU.Build.0 = Debug|Any CPU
		{A43859B2-F215-4B59-9051-F85B6CD66218}.Release|Any CPU.ActiveCfg = Release|Any CPU
		{A43859B2-F215-4B59-9051-F85B6CD66218}.Release|Any CPU.Build.0 = Release|Any CPU
		{0CA0A3C1-56B6-4CA8-B385-9FC41A28DC5F}.Debug|Any CPU.ActiveCfg = Debug|Any CPU
		{0CA0A3C1-56B6-4CA8-B385-9FC41A28DC5F}.Debug|Any CPU.Build.0 = Debug|Any CPU
		{0CA0A3C1-56B6-4CA8-B385-9FC41A28DC5F}.Release|Any CPU.ActiveCfg = Release|Any CPU
		{0CA0A3C1-56B6-4CA8-B385-9FC41A28DC5F}.Release|Any CPU.Build.0 = Release|Any CPU
		{98E20886-CA55-4A6A-B145-4455C0C9E279}.Debug|Any CPU.ActiveCfg = Debug|Any CPU
		{98E20886-CA55-4A6A-B145-4455C0C9E279}.Debug|Any CPU.Build.0 = Debug|Any CPU
		{98E20886-CA55-4A6A-B145-4455C0C9E279}.Release|Any CPU.ActiveCfg = Release|Any CPU
		{98E20886-CA55-4A6A-B145-4455C0C9E279}.Release|Any CPU.Build.0 = Release|Any CPU
		{48A5534C-28E3-4AC7-945F-91813FC60D3D}.Debug|Any CPU.ActiveCfg = Debug|Any CPU
		{48A5534C-28E3-4AC7-945F-91813FC60D3D}.Debug|Any CPU.Build.0 = Debug|Any CPU
		{48A5534C-28E3-4AC7-945F-91813FC60D3D}.Release|Any CPU.ActiveCfg = Release|Any CPU
		{48A5534C-28E3-4AC7-945F-91813FC60D3D}.Release|Any CPU.Build.0 = Release|Any CPU
		{816CCD83-0ABC-4DB6-B105-89528A8933D1}.Debug|Any CPU.ActiveCfg = Debug|Any CPU
		{816CCD83-0ABC-4DB6-B105-89528A8933D1}.Debug|Any CPU.Build.0 = Debug|Any CPU
		{816CCD83-0ABC-4DB6-B105-89528A8933D1}.Release|Any CPU.ActiveCfg = Release|Any CPU
		{816CCD83-0ABC-4DB6-B105-89528A8933D1}.Release|Any CPU.Build.0 = Release|Any CPU
		{B815932B-5CAF-43F1-B672-0D6F25983382}.Debug|Any CPU.ActiveCfg = Debug|Any CPU
		{B815932B-5CAF-43F1-B672-0D6F25983382}.Debug|Any CPU.Build.0 = Debug|Any CPU
		{B815932B-5CAF-43F1-B672-0D6F25983382}.Release|Any CPU.ActiveCfg = Release|Any CPU
		{B815932B-5CAF-43F1-B672-0D6F25983382}.Release|Any CPU.Build.0 = Release|Any CPU
		{16682ED2-9CD2-4671-B7D3-6CEE5DB335CE}.Debug|Any CPU.ActiveCfg = Debug|Any CPU
		{16682ED2-9CD2-4671-B7D3-6CEE5DB335CE}.Debug|Any CPU.Build.0 = Debug|Any CPU
		{16682ED2-9CD2-4671-B7D3-6CEE5DB335CE}.Release|Any CPU.ActiveCfg = Release|Any CPU
		{16682ED2-9CD2-4671-B7D3-6CEE5DB335CE}.Release|Any CPU.Build.0 = Release|Any CPU
	EndGlobalSection
	GlobalSection(SolutionProperties) = preSolution
		HideSolutionNode = FALSE
	EndGlobalSection
	GlobalSection(NestedProjects) = preSolution
		{48A5534C-28E3-4AC7-945F-91813FC60D3D} = {D6E0F71A-CFA9-4C0C-B24F-6D7476226BF9}
		{816CCD83-0ABC-4DB6-B105-89528A8933D1} = {D6E0F71A-CFA9-4C0C-B24F-6D7476226BF9}
		{B815932B-5CAF-43F1-B672-0D6F25983382} = {D6E0F71A-CFA9-4C0C-B24F-6D7476226BF9}
		{16682ED2-9CD2-4671-B7D3-6CEE5DB335CE} = {D6E0F71A-CFA9-4C0C-B24F-6D7476226BF9}
	EndGlobalSection
	GlobalSection(ExtensibilityGlobals) = postSolution
		SolutionGuid = {FB89063C-2BAC-49A1-A8A3-0B8806082194}
	EndGlobalSection
EndGlobal
